# This file is autogenerated, do not edit; changes may be undone by the next 'dep ensure'.


[[projects]]
  branch = "default"
  name = "bitbucket.org/zombiezen/gonorth"
  packages = ["north"]
  revision = "cf6ac3bff46e3cda806fb2a0263c7acca4b4aa16"

[[projects]]
  name = "github.com/thoj/go-ircevent"
  packages = ["."]
  revision = "5063e5f26097f6423c9de665079347c9473788da"
  version = "0.2"

[solve-meta]
  analyzer-name = "dep"
  analyzer-version = 1
  inputs-digest = "4aa7bde69f347fb38abc003f47bbfdca6702491611e077775a39be5b24eef77b"
  solver-name = "gps-cdcl"
  solver-version = 1
